lockfileVersion: '9.0'

settings:
  autoInstallPeers: true
  excludeLinksFromLockfile: false

importers:

  .:
    dependencies:
      playwright:
        specifier: ^1.59.1
        version: 1.59.1
      read-excel-file:
        specifier: ^8.0.3
        version: 8.0.3
    devDependencies:
      '@types/node':
        specifier: ^25.5.2
        version: 25.5.2
      typescript:
        specifier: ^6.0.2
        version: 6.0.2

packages:

  '@types/node@25.5.2':
    resolution: {integrity: sha512-tO4ZIRKNC+MDWV4qKVZe3Ql/woTnmHDr5JD8UI5hn2pwBrHEwOEMZK7WlNb5RKB6EoJ02gwmQS9OrjuFnZYdpg==}

  '@xmldom/xmldom@0.8.12':
    resolution: {integrity: sha512-9k/gHF6n/pAi/9tqr3m3aqkuiNosYTurLLUtc7xQ9sxB/wm7WPygCv8GYa6mS0fLJEHhqMC1ATYhz++U/lRHqg==}
    engines: {node: '>=10.0.0'}

  bluebird@3.7.2:
    resolution: {integrity: sha512-XpNj6GDQzdfW+r2Wnn7xiSAd7TM3jzkxGXBGTtWKuSXv1xUV+azxAm8jdWZN06QTQk+2N2XB9jRDkvbmQmcRtg==}

  core-util-is@1.0.3:
    resolution: {integrity: sha512-ZQBvi1DcpJ4GDqanjucZ2Hj3wEO5pZDS89BWbkcrvdxksJorwUDDZamX9ldFkp9aw2lmBDLgkObEA4DWNJ9FYQ==}

  duplexer2@0.1.4:
    resolution: {integrity: sha512-asLFVfWWtJ90ZyOUHMqk7/S2w2guQKxUI2itj3d92ADHhxUSbCMGi1f1cBcJ7xM1To+pE/Khbwo1yuNbMEPKeA==}

  fflate@0.8.2:
    resolution: {integrity: sha512-cPJU47OaAoCbg0pBvzsgpTPhmhqI5eJjh/JIu8tPj5q+T7iLvW/JAYUqmE7KOB4R1ZyEhzBaIQpQpardBF5z8A==}

  fs-extra@11.3.4:
    resolution: {integrity: sha512-CTXd6rk/M3/ULNQj8FBqBWHYBVYybQ3VPBw0xGKFe3tuH7ytT6ACnvzpIQ3UZtB8yvUKC2cXn1a+x+5EVQLovA==}
    engines: {node: '>=14.14'}

  fsevents@2.3.2:
    resolution: {integrity: sha512-xiqMQR4xAeHTuB9uWm+fFRcIOgKBMiOBP+eXiyT7jsgVCq1bkVygt00oASowB7EdtpOHaaPgKt812P9ab+DDKA==}
    engines: {node: ^8.16.0 || ^10.6.0 || >=11.0.0}
    os: [darwin]

  graceful-fs@4.2.11:
    resolution: {integrity: sha512-RbJ5/jmFcNNCcDV5o9eTnBLJ/HszWV0P73bc+Ff4nS/rJj+YaS6IGyiOL0VoBYX+l1Wrl3k63h/KrH+nhJ0XvQ==}

  inherits@2.0.4:
    resolution: {integrity: sha512-k/vGaX4/Yla3WzyMCvTQOXYeIHvqOKtnqBduzTHpzpQZzAskKMhZ2K+EnBiSM9zGSoIFeMpXKxa4dYeZIQqewQ==}

  isarray@1.0.0:
    resolution: {integrity: sha512-VLghIWNM6ELQzo7zwmcg0NmTVyWKYjvIeM83yjp0wRDTmUnrM678fQbcKBo6n2CJEF0szoG//ytg+TKla89ALQ==}

  jsonfile@6.2.0:
    resolution: {integrity: sha512-FGuPw30AdOIUTRMC2OMRtQV+jkVj2cfPqSeWXv1NEAJ1qZ5zb1X6z1mFhbfOB/iy3ssJCD+3KuZ8r8C3uVFlAg==}

  node-int64@0.4.0:
    resolution: {integrity: sha512-O5lz91xSOeoXP6DulyHfllpq+Eg00MWitZIbtPfoSEvqIHdl5gfcY6hYzDWnj0qD5tz52PI08u9qUvSVeUBeHw==}

  playwright-core@1.59.1:
    resolution: {integrity: sha512-HBV/RJg81z5BiiZ9yPzIiClYV/QMsDCKUyogwH9p3MCP6IYjUFu/MActgYAvK0oWyV9NlwM3GLBjADyWgydVyg==}
    engines: {node: '>=18'}
    hasBin: true

  playwright@1.59.1:
    resolution: {integrity: sha512-C8oWjPR3F81yljW9o5OxcWzfh6avkVwDD2VYdwIGqTkl+OGFISgypqzfu7dOe4QNLL2aqcWBmI3PMtLIK233lw==}
    engines: {node: '>=18'}
    hasBin: true

  process-nextick-args@2.0.1:
    resolution: {integrity: sha512-3ouUOpQhtgrbOa17J7+uxOTpITYWaGP7/AhoR3+A+/1e9skrzelGi/dXzEYyvbxubEF6Wn2ypscTKiKJFFn1ag==}

  read-excel-file@8.0.3:
    resolution: {integrity: sha512-IPxOBdWNAn0FZuWB49IVj+8e4zkLJMGDMRwUErmvuyu42brAnOkvdkm0j/RD+nMabNjNs+LFmbwdm9qUQ12SgA==}
    engines: {node: '>=18'}

  readable-stream@2.3.8:
    resolution: {integrity: sha512-8p0AUk4XODgIewSi0l8Epjs+EVnWiK7NoDIEGU0HhE7+ZyY8D1IMY7odu5lRrFXGg71L15KG8QrPmum45RTtdA==}

  safe-buffer@5.1.2:
    resolution: {integrity: sha512-Gd2UZBJDkXlY7GbJxfsE8/nvKkUEU1G38c1siN6QP6a9PT9MmHB8GnpscSmMJSoF8LOIrt8ud/wPtojys4G6+g==}

  string_decoder@1.1.1:
    resolution: {integrity: sha512-n/ShnvDi6FHbbVfviro+WojiFzv+s8MPMHBczVePfUpDJLwoLT0ht1l4YwBCbi8pJAveEEdnkHyPyTP/mzRfwg==}

  typescript@6.0.2:
    resolution: {integrity: sha512-bGdAIrZ0wiGDo5l8c++HWtbaNCWTS4UTv7RaTH/ThVIgjkveJt83m74bBHMJkuCbslY8ixgLBVZJIOiQlQTjfQ==}
    engines: {node: '>=14.17'}
    hasBin: true

  undici-types@7.18.2:
    resolution: {integrity: sha512-AsuCzffGHJybSaRrmr5eHr81mwJU3kjw6M+uprWvCXiNeN9SOGwQ3Jn8jb8m3Z6izVgknn1R0FTCEAP2QrLY/w==}

  universalify@2.0.1:
    resolution: {integrity: sha512-gptHNQghINnc/vTGIk0SOFGFNXw7JVrlRUtConJRlvaw6DuX0wO5Jeko9sWrMBhh+PsYAZ7oXAiOnf/UKogyiw==}
    engines: {node: '>= 10.0.0'}

  unzipper@0.12.3:
    resolution: {integrity: sha512-PZ8hTS+AqcGxsaQntl3IRBw65QrBI6lxzqDEL7IAo/XCEqRTKGfOX56Vea5TH9SZczRVxuzk1re04z/YjuYCJA==}

  util-deprecate@1.0.2:
    resolution: {integrity: sha512-EPD5q1uXyFxJpCrLnCc1nHnq3gOa6DZBocAIiI2TaSCA7VCJ1UJDMagCzIkXNsUYfD1daK//LTEQ8xiIbrHtcw==}

snapshots:

  '@types/node@25.5.2':
    dependencies:
      undici-types: 7.18.2

  '@xmldom/xmldom@0.8.12': {}

  bluebird@3.7.2: {}

  core-util-is@1.0.3: {}

  duplexer2@0.1.4:
    dependencies:
      readable-stream: 2.3.8

  fflate@0.8.2: {}

  fs-extra@11.3.4:
    dependencies:
      graceful-fs: 4.2.11
      jsonfile: 6.2.0
      universalify: 2.0.1

  fsevents@2.3.2:
    optional: true

  graceful-fs@4.2.11: {}

  inherits@2.0.4: {}

  isarray@1.0.0: {}

  jsonfile@6.2.0:
    dependencies:
      universalify: 2.0.1
    optionalDependencies:
      graceful-fs: 4.2.11

  node-int64@0.4.0: {}

  playwright-core@1.59.1: {}

  playwright@1.59.1:
    dependencies:
      playwright-core: 1.59.1
    optionalDependencies:
      fsevents: 2.3.2

  process-nextick-args@2.0.1: {}

  read-excel-file@8.0.3:
    dependencies:
      '@xmldom/xmldom': 0.8.12
      fflate: 0.8.2
      unzipper: 0.12.3

  readable-stream@2.3.8:
    dependencies:
      core-util-is: 1.0.3
      inherits: 2.0.4
      isarray: 1.0.0
      process-nextick-args: 2.0.1
      safe-buffer: 5.1.2
      string_decoder: 1.1.1
      util-deprecate: 1.0.2

  safe-buffer@5.1.2: {}

  string_decoder@1.1.1:
    dependencies:
      safe-buffer: 5.1.2

  typescript@6.0.2: {}

  undici-types@7.18.2: {}

  universalify@2.0.1: {}

  unzipper@0.12.3:
    dependencies:
      bluebird: 3.7.2
      duplexer2: 0.1.4
      fs-extra: 11.3.4
      graceful-fs: 4.2.11
      node-int64: 0.4.0

  util-deprecate@1.0.2: {}
